# This file is automatically @generated by Cargo.
# It is not intended for manual editing.
version = 3

[[package]]
name = "byteorder"
version = "0.5.3"
source = "registry+https://github.com/rust-lang/crates.io-index"
checksum = "0fc10e8cc6b2580fda3f36eb6dc5316657f812a3df879a44a66fc9f0fdbc4855"

[[package]]
name = "libc"
version = "0.2.16"
source = "registry+https://github.com/rust-lang/crates.io-index"
checksum = "408014cace30ee0f767b1c4517980646a573ec61a57957aeeabcac8ac0a02e8d"

[[package]]
name = "rand"
version = "0.3.14"
source = "registry+https://github.com/rust-lang/crates.io-index"
checksum = "2791d88c6defac799c3f20d74f094ca33b9332612d9aef9078519c82e4fe04a5"
dependencies = [
 "libc",
]

[[package]]
name = "rav"
version = "0.1.0"
dependencies = [
 "byteorder",
 "rand",
]
